
Microsoft Visual Studio Solution File, Format Version 12.00
# Visual Studio Version 16
VisualStudioVersion = 16.0.30011.22
MinimumVisualStudioVersion = 10.0.40219.1
Project("{FAE04EC0-301F-11D3-BF4B-00C04F79EFBC}") = "TestProject_API", "TestProject_API\TestProject_API.csproj", "{F86439F9-E1CA-4A59-8ECB-C55C8466F942}"
EndProject
Global
	GlobalSection(SolutionConfigurationPlatforms) = preSolution
		Debug|Any CPU = Debug|Any CPU
		Release|Any CPU = Release|Any CPU
	EndGlobalSection
	GlobalSection(ProjectConfigurationPlatforms) = postSolution
		{F86439F9-E1CA-4A59-8ECB-C55C8466F942}.Debug|Any CPU.ActiveCfg = Debug|Any CPU
		{F86439F9-E1CA-4A59-8ECB-C55C8466F942}.Debug|Any CPU.Build.0 = Debug|Any CPU
		{F86439F9-E1CA-4A59-8ECB-C55C8466F942}.Release|Any CPU.ActiveCfg = Release|Any CPU
		{F86439F9-E1CA-4A59-8ECB-C55C8466F942}.Release|Any CPU.Build.0 = Release|Any CPU
	EndGlobalSection
	GlobalSection(SolutionProperties) = preSolution
		HideSolutionNode = FALSE
	EndGlobalSection
	GlobalSection(ExtensibilityGlobals) = postSolution
		SolutionGuid = {F5D050FF-4949-4662-A1FE-AB0D82016144}
	EndGlobalSection
EndGlobal
